
Microsoft Visual Studio Solution File, Format Version 12.00
# Visual Studio Version 17
VisualStudioVersion = 17.12.35521.163 d17.12
MinimumVisualStudioVersion = 10.0.40219.1
Project("{FAE04EC0-301F-11D3-BF4B-00C04F79EFBC}") = "TodoApp.Domain", "TodoApp.Domain\TodoApp.Domain.csproj", "{BF9D0093-4289-488D-B7FA-0A5CDFC72922}"
EndProject
Project("{FAE04EC0-301F-11D3-BF4B-00C04F79EFBC}") = "TodoApp.Application", "TodoApp.Application\TodoApp.Application.csproj", "{144B9B3D-51AF-44DF-9923-199E18D40FF2}"
EndProject
Project("{FAE04EC0-301F-11D3-BF4B-00C04F79EFBC}") = "TodoApi.Infrastructure", "TodoApi.Infrastructure\TodoApi.Infrastructure.csproj", "{B100CB4A-2389-40D9-9A7B-7ECDDEE6E629}"
EndProject
Project("{FAE04EC0-301F-11D3-BF4B-00C04F79EFBC}") = "TodoApp.Api", "TodoApp.Api\TodoApp.Api.csproj", "{AA77647A-708B-4C20-A318-778FBD5A5613}"
EndProject
Global
	GlobalSection(SolutionConfigurationPlatforms) = preSolution
		Debug|Any CPU = Debug|Any CPU
		Release|Any CPU = Release|Any CPU
	EndGlobalSection
	GlobalSection(ProjectConfigurationPlatforms) = postSolution
		{BF9D0093-4289-488D-B7FA-0A5CDFC72922}.Debug|Any CPU.ActiveCfg = Debug|Any CPU
		{BF9D0093-4289-488D-B7FA-0A5CDFC72922}.Debug|Any CPU.Build.0 = Debug|Any CPU
		{BF9D0093-4289-488D-B7FA-0A5CDFC72922}.Release|Any CPU.ActiveCfg = Release|Any CPU
		{BF9D0093-4289-488D-B7FA-0A5CDFC72922}.Release|Any CPU.Build.0 = Release|Any CPU
		{144B9B3D-51AF-44DF-9923-199E18D40FF2}.Debug|Any CPU.ActiveCfg = Debug|Any CPU
		{144B9B3D-51AF-44DF-9923-199E18D40FF2}.Debug|Any CPU.Build.0 = Debug|Any CPU
		{144B9B3D-51AF-44DF-9923-199E18D40FF2}.Release|Any CPU.ActiveCfg = Release|Any CPU
		{144B9B3D-51AF-44DF-9923-199E18D40FF2}.Release|Any CPU.Build.0 = Release|Any CPU
		{B100CB4A-2389-40D9-9A7B-7ECDDEE6E629}.Debug|Any CPU.ActiveCfg = Debug|Any CPU
		{B100CB4A-2389-40D9-9A7B-7ECDDEE6E629}.Debug|Any CPU.Build.0 = Debug|Any CPU
		{B100CB4A-2389-40D9-9A7B-7ECDDEE6E629}.Release|Any CPU.ActiveCfg = Release|Any CPU
		{B100CB4A-2389-40D9-9A7B-7ECDDEE6E629}.Release|Any CPU.Build.0 = Release|Any CPU
		{AA77647A-708B-4C20-A318-778FBD5A5613}.Debug|Any CPU.ActiveCfg = Debug|Any CPU
		{AA77647A-708B-4C20-A318-778FBD5A5613}.Debug|Any CPU.Build.0 = Debug|Any CPU
		{AA77647A-708B-4C20-A318-778FBD5A5613}.Release|Any CPU.ActiveCfg = Release|Any CPU
		{AA77647A-708B-4C20-A318-778FBD5A5613}.Release|Any CPU.Build.0 = Release|Any CPU
	EndGlobalSection
	GlobalSection(SolutionProperties) = preSolution
		HideSolutionNode = FALSE
	EndGlobalSection
EndGlobal
